
Microsoft Visual Studio Solution File, Format Version 12.00
# Visual Studio Version 17
VisualStudioVersion = 17.11.35327.3
MinimumVisualStudioVersion = 10.0.40219.1
Project("{FAE04EC0-301F-11D3-BF4B-00C04F79EFBC}") = "DatSanBong", "DatSanBong\DatSanBong.csproj", "{61B8ACCA-CD81-4B3E-ABA4-4F872AE7A89E}"
EndProject
Global
	GlobalSection(SolutionConfigurationPlatforms) = preSolution
		Debug|Any CPU = Debug|Any CPU
		Release|Any CPU = Release|Any CPU
	EndGlobalSection
	GlobalSection(ProjectConfigurationPlatforms) = postSolution
		{61B8ACCA-CD81-4B3E-ABA4-4F872AE7A89E}.Debug|Any CPU.ActiveCfg = Debug|Any CPU
		{61B8ACCA-CD81-4B3E-ABA4-4F872AE7A89E}.Debug|Any CPU.Build.0 = Debug|Any CPU
		{61B8ACCA-CD81-4B3E-ABA4-4F872AE7A89E}.Release|Any CPU.ActiveCfg = Release|Any CPU
		{61B8ACCA-CD81-4B3E-ABA4-4F872AE7A89E}.Release|Any CPU.Build.0 = Release|Any CPU
	EndGlobalSection
	GlobalSection(SolutionProperties) = preSolution
		HideSolutionNode = FALSE
	EndGlobalSection
	GlobalSection(ExtensibilityGlobals) = postSolution
		SolutionGuid = {36AE608F-A8A4-4D09-9E22-C9FDAAE8149C}
	EndGlobalSection
EndGlobal
